
Microsoft Visual Studio Solution File, Format Version 12.00
# Visual Studio Version 16
VisualStudioVersion = 16.0.31025.218
MinimumVisualStudioVersion = 10.0.40219.1
Project("{9A19103F-16F7-4668-BE54-9A1E7A4F7556}") = "Camlex.Client", "Camlex.Client\Camlex.Client.csproj", "{99FC65CD-823C-47AA-9D68-0BB9F31CDC72}"
EndProject
Project("{FAE04EC0-301F-11D3-BF4B-00C04F79EFBC}") = "Camlex.Client.UnitTests", "Camlex.Client.UnitTests\Camlex.Client.UnitTests.csproj", "{298ACD3C-082D-406B-B4BB-8B8CAD5B18A6}"
EndProject
Project("{9A19103F-16F7-4668-BE54-9A1E7A4F7556}") = "Camlex.Client.2016", "Camlex.Client.2016\Camlex.Client.2016.csproj", "{68E8AA30-9308-4627-A9C4-98E1AC84AF7F}"
EndProject
Project("{2150E333-8FDC-42A3-9474-1A3956D46DE8}") = "Solution Items", "Solution Items", "{4C12FD47-8FDA-4810-8236-DAB08AA1C998}"
	ProjectSection(SolutionItems) = preProject
		Directory.Build.props = Directory.Build.props
	EndProjectSection
EndProject
Project("{9A19103F-16F7-4668-BE54-9A1E7A4F7556}") = "Camlex.Client.2019", "Camlex.Client.2019\Camlex.Client.2019.csproj", "{0FAC0BD0-B82C-42F6-B1ED-68041B8EA718}"
EndProject
Project("{9A19103F-16F7-4668-BE54-9A1E7A4F7556}") = "Camlex.Client.2013", "Camlex.Client.2013\Camlex.Client.2013.csproj", "{DEBCE01B-C804-4E57-9FD7-FE1C25BF73FC}"
EndProject
Global
	GlobalSection(SolutionConfigurationPlatforms) = preSolution
		Debug|Any CPU = Debug|Any CPU
		Release|Any CPU = Release|Any CPU
	EndGlobalSection
	GlobalSection(ProjectConfigurationPlatforms) = postSolution
		{99FC65CD-823C-47AA-9D68-0BB9F31CDC72}.Debug|Any CPU.ActiveCfg = Debug|Any CPU
		{99FC65CD-823C-47AA-9D68-0BB9F31CDC72}.Debug|Any CPU.Build.0 = Debug|Any CPU
		{99FC65CD-823C-47AA-9D68-0BB9F31CDC72}.Release|Any CPU.ActiveCfg = Release|Any CPU
		{99FC65CD-823C-47AA-9D68-0BB9F31CDC72}.Release|Any CPU.Build.0 = Release|Any CPU
		{298ACD3C-082D-406B-B4BB-8B8CAD5B18A6}.Debug|Any CPU.ActiveCfg = Debug|Any CPU
		{298ACD3C-082D-406B-B4BB-8B8CAD5B18A6}.Debug|Any CPU.Build.0 = Debug|Any CPU
		{298ACD3C-082D-406B-B4BB-8B8CAD5B18A6}.Release|Any CPU.ActiveCfg = Release|Any CPU
		{298ACD3C-082D-406B-B4BB-8B8CAD5B18A6}.Release|Any CPU.Build.0 = Release|Any CPU
		{68E8AA30-9308-4627-A9C4-98E1AC84AF7F}.Debug|Any CPU.ActiveCfg = Debug|Any CPU
		{68E8AA30-9308-4627-A9C4-98E1AC84AF7F}.Debug|Any CPU.Build.0 = Debug|Any CPU
		{68E8AA30-9308-4627-A9C4-98E1AC84AF7F}.Release|Any CPU.ActiveCfg = Release|Any CPU
		{68E8AA30-9308-4627-A9C4-98E1AC84AF7F}.Release|Any CPU.Build.0 = Release|Any CPU
		{0FAC0BD0-B82C-42F6-B1ED-68041B8EA718}.Debug|Any CPU.ActiveCfg = Debug|Any CPU
		{0FAC0BD0-B82C-42F6-B1ED-68041B8EA718}.Debug|Any CPU.Build.0 = Debug|Any CPU
		{0FAC0BD0-B82C-42F6-B1ED-68041B8EA718}.Release|Any CPU.ActiveCfg = Release|Any CPU
		{0FAC0BD0-B82C-42F6-B1ED-68041B8EA718}.Release|Any CPU.Build.0 = Release|Any CPU
		{DEBCE01B-C804-4E57-9FD7-FE1C25BF73FC}.Debug|Any CPU.ActiveCfg = Debug|Any CPU
		{DEBCE01B-C804-4E57-9FD7-FE1C25BF73FC}.Debug|Any CPU.Build.0 = Debug|Any CPU
		{DEBCE01B-C804-4E57-9FD7-FE1C25BF73FC}.Release|Any CPU.ActiveCfg = Release|Any CPU
		{DEBCE01B-C804-4E57-9FD7-FE1C25BF73FC}.Release|Any CPU.Build.0 = Release|Any CPU
	EndGlobalSection
	GlobalSection(SolutionProperties) = preSolution
		HideSolutionNode = FALSE
	EndGlobalSection
	GlobalSection(ExtensibilityGlobals) = postSolution
		SolutionGuid = {47806990-66F9-4A37-9F7A-92EE9C7902EA}
	EndGlobalSection
	GlobalSection(SubversionScc) = preSolution
		        Svn-Managed = True
		        Manager = AnkhSVN - Subversion Support for Visual Studio
	EndGlobalSection
EndGlobal
